// !$*UTF8*$!
{
	archiveVersion = 1;
	classes = {
	};
	objectVersion = 77;
	objects = {

/* Begin PBXBuildFile section */
		548BBDC22FA97FFD00334BA6 /* FirebaseAuth in Frameworks */ = {isa = PBXBuildFile; productRef = 548BBDC12FA97FFD00334BA6 /* FirebaseAuth */; };
		548BBDC42FA97FFD00334BA6 /* FirebaseFirestore in Frameworks */ = {isa = PBXBuildFile; productRef = 548BBDC32FA97FFD00334BA6 /* FirebaseFirestore */; };
		548BBE5D2FA9958B00334BA6 /* GoogleSignIn in Frameworks */ = {isa = PBXBuildFile; productRef = 548BBE5C2FA9958B00334BA6 /* GoogleSignIn */; };
		548BBE5F2FA9958B00334BA6 /* GoogleSignInSwift in Frameworks */ = {isa = PBXBuildFile; productRef = 548BBE5E2FA9958B00334BA6 /* GoogleSignInSwift */; };
		548BBEE12FA9B48500334BA6 /* KakaoSDKAuth in Frameworks */ = {isa = PBXBuildFile; productRef = 548BBEE02FA9B48500334BA6 /* KakaoSDKAuth */; };
		548BBEE32FA9B48500334BA6 /* KakaoSDKCommon in Frameworks */ = {isa = PBXBuildFile; productRef = 548BBEE22FA9B48500334BA6 /* KakaoSDKCommon */; };
		548BBEE52FA9B48500334BA6 /* KakaoSDKUser in Frameworks */ = {isa = PBXBuildFile; productRef = 548BBEE42FA9B48500334BA6 /* KakaoSDKUser */; };
		548BBF212FAA178D00334BA6 /* WidgetKit.framework in Frameworks */ = {isa = PBXBuildFile; fileRef = 548BBF202FAA178D00334BA6 /* WidgetKit.framework */; };
		548BBF232FAA178D00334BA6 /* SwiftUI.framework in Frameworks */ = {isa = PBXBuildFile; fileRef = 548BBF222FAA178D00334BA6 /* SwiftUI.framework */; };
		548BBF322FAA178E00334BA6 /* tteona_WidgetExtensionExtension.appex in Embed Foundation Extensions */ = {isa = PBXBuildFile; fileRef = 548BBF1F2FAA178D00334BA6 /* tteona_WidgetExtensionExtension.appex */; settings = {ATTRIBUTES = (RemoveHeadersOnCopy, ); }; };
		549C59642FACAB0800074627 /* FirebaseMessaging in Frameworks */ = {isa = PBXBuildFile; productRef = 549C59632FACAB0800074627 /* FirebaseMessaging */; };
		549C59682FACB93600074627 /* FirebaseFunctions in Frameworks */ = {isa = PBXBuildFile; productRef = 549C59672FACB93600074627 /* FirebaseFunctions */; };
		54A435822FF7EE94003B0FCA /* GoogleMaps in Frameworks */ = {isa = PBXBuildFile; productRef = 54A435812FF7EE94003B0FCA /* GoogleMaps */; };
		54B100013000000000000A03 /* RevenueCat in Frameworks */ = {isa = PBXBuildFile; productRef = 54B100013000000000000A02 /* RevenueCat */; };
/* End PBXBuildFile section */

/* Begin PBXContainerItemProxy section */
		548BBF302FAA178E00334BA6 /* PBXContainerItemProxy */ = {
			isa = PBXContainerItemProxy;
			containerPortal = 548BBD4C2FA9720A00334BA6 /* Project object */;
			proxyType = 1;
			remoteGlobalIDString = 548BBF1E2FAA178D00334BA6;
			remoteInfo = tteona_WidgetExtensionExtension;
		};
/* End PBXContainerItemProxy section */

/* Begin PBXCopyFilesBuildPhase section */
		548BBF372FAA178E00334BA6 /* Embed Foundation Extensions */ = {
			isa = PBXCopyFilesBuildPhase;
			buildActionMask = 2147483647;
			dstPath = "";
			dstSubfolderSpec = 13;
			files = (
				548BBF322FAA178E00334BA6 /* tteona_WidgetExtensionExtension.appex in Embed Foundation Extensions */,
			);
			name = "Embed Foundation Extensions";
			runOnlyForDeploymentPostprocessing = 0;
		};
/* End PBXCopyFilesBuildPhase section */

/* Begin PBXFileReference section */
		548BBD542FA9720A00334BA6 /* tteona.app */ = {isa = PBXFileReference; explicitFileType = wrapper.application; includeInIndex = 0; path = tteona.app; sourceTree = BUILT_PRODUCTS_DIR; };
		548BBF1F2FAA178D00334BA6 /* tteona_WidgetExtensionExtension.appex */ = {isa = PBXFileReference; explicitFileType = "wrapper.app-extension"; includeInIndex = 0; path = tteona_WidgetExtensionExtension.appex; sourceTree = BUILT_PRODUCTS_DIR; };
		548BBF202FAA178D00334BA6 /* WidgetKit.framework */ = {isa = PBXFileReference; lastKnownFileType = wrapper.framework; name = WidgetKit.framework; path = System/Library/Frameworks/WidgetKit.framework; sourceTree = SDKROOT; };
		548BBF222FAA178D00334BA6 /* SwiftUI.framework */ = {isa = PBXFileReference; lastKnownFileType = wrapper.framework; name = SwiftUI.framework; path = System/Library/Frameworks/SwiftUI.framework; sourceTree = SDKROOT; };
/* End PBXFileReference section */

/* Begin PBXFileSystemSynchronizedBuildFileExceptionSet section */
		548BBEDD2FA9B17E00334BA6 /* Exceptions for "tteona" folder in "tteona" target */ = {
			isa = PBXFileSystemSynchronizedBuildFileExceptionSet;
			membershipExceptions = (
				Info.plist,
			);
			target = 548BBD532FA9720A00334BA6 /* tteona */;
		};
		548BBF362FAA178E00334BA6 /* Exceptions for "tteona_WidgetExtension" folder in "tteona_WidgetExtensionExtension" target */ = {
			isa = PBXFileSystemSynchronizedBuildFileExceptionSet;
			membershipExceptions = (
				Info.plist,
			);
			target = 548BBF1E2FAA178D00334BA6 /* tteona_WidgetExtensionExtension */;
		};
		548BBF3D2FAA192700334BA6 /* Exceptions for "tteona" folder in "tteona_WidgetExtensionExtension" target */ = {
			isa = PBXFileSystemSynchronizedBuildFileExceptionSet;
			membershipExceptions = (
				Core/LiveActivity/TodaySessionAttributes.swift,
			);
			target = 548BBF1E2FAA178D00334BA6 /* tteona_WidgetExtensionExtension */;
		};
/* End PBXFileSystemSynchronizedBuildFileExceptionSet section */

/* Begin PBXFileSystemSynchronizedRootGroup section */
		548BBD562FA9720A00334BA6 /* tteona */ = {
			isa = PBXFileSystemSynchronizedRootGroup;
			exceptions = (
				548BBEDD2FA9B17E00334BA6 /* Exceptions for "tteona" folder in "tteona" target */,
				548BBF3D2FAA192700334BA6 /* Exceptions for "tteona" folder in "tteona_WidgetExtensionExtension" target */,
			);
			path = tteona;
			sourceTree = "<group>";
		};
		548BBF242FAA178D00334BA6 /* tteona_WidgetExtension */ = {
			isa = PBXFileSystemSynchronizedRootGroup;
			exceptions = (
				548BBF362FAA178E00334BA6 /* Exceptions for "tteona_WidgetExtension" folder in "tteona_WidgetExtensionExtension" target */,
			);
			path = tteona_WidgetExtension;
			sourceTree = "<group>";
		};
/* End PBXFileSystemSynchronizedRootGroup section */

/* Begin PBXFrameworksBuildPhase section */
		548BBD512FA9720A00334BA6 /* Frameworks */ = {
			isa = PBXFrameworksBuildPhase;
			buildActionMask = 2147483647;
			files = (
				549C59642FACAB0800074627 /* FirebaseMessaging in Frameworks */,
				548BBDC22FA97FFD00334BA6 /* FirebaseAuth in Frameworks */,
				54A435822FF7EE94003B0FCA /* GoogleMaps in Frameworks */,
				548BBDC42FA97FFD00334BA6 /* FirebaseFirestore in Frameworks */,
				549C59682FACB93600074627 /* FirebaseFunctions in Frameworks */,
				548BBE5D2FA9958B00334BA6 /* GoogleSignIn in Frameworks */,
				548BBEE52FA9B48500334BA6 /* KakaoSDKUser in Frameworks */,
				548BBE5F2FA9958B00334BA6 /* GoogleSignInSwift in Frameworks */,
				548BBEE32FA9B48500334BA6 /* KakaoSDKCommon in Frameworks */,
				548BBEE12FA9B48500334BA6 /* KakaoSDKAuth in Frameworks */,
				54B100013000000000000A03 /* RevenueCat in Frameworks */,
			);
			runOnlyForDeploymentPostprocessing = 0;
		};
		548BBF1C2FAA178D00334BA6 /* Frameworks */ = {
			isa = PBXFrameworksBuildPhase;
			buildActionMask = 2147483647;
			files = (
				548BBF232FAA178D00334BA6 /* SwiftUI.framework in Frameworks */,
				548BBF212FAA178D00334BA6 /* WidgetKit.framework in Frameworks */,
			);
			runOnlyForDeploymentPostprocessing = 0;
		};
/* End PBXFrameworksBuildPhase section */

/* Begin PBXGroup section */
		548BBD4B2FA9720900334BA6 = {
			isa = PBXGroup;
			children = (
				548BBD562FA9720A00334BA6 /* tteona */,
				548BBF242FAA178D00334BA6 /* tteona_WidgetExtension */,
				548BBEDE2FA9B1E900334BA6 /* Frameworks */,
				548BBD552FA9720A00334BA6 /* Products */,
			);
			sourceTree = "<group>";
		};
		548BBD552FA9720A00334BA6 /* Products */ = {
			isa = PBXGroup;
			children = (
				548BBD542FA9720A00334BA6 /* tteona.app */,
				548BBF1F2FAA178D00334BA6 /* tteona_WidgetExtensionExtension.appex */,
			);
			name = Products;
			sourceTree = "<group>";
		};
		548BBEDE2FA9B1E900334BA6 /* Frameworks */ = {
			isa = PBXGroup;
			children = (
				548BBF202FAA178D00334BA6 /* WidgetKit.framework */,
				548BBF222FAA178D00334BA6 /* SwiftUI.framework */,
			);
			name = Frameworks;
			sourceTree = "<group>";
		};
/* End PBXGroup section */

/* Begin PBXNativeTarget section */
		548BBD532FA9720A00334BA6 /* tteona */ = {
			isa = PBXNativeTarget;
			buildConfigurationList = 548BBD612FA9720B00334BA6 /* Build configuration list for PBXNativeTarget "tteona" */;
			buildPhases = (
				548BBD502FA9720A00334BA6 /* Sources */,
				548BBD512FA9720A00334BA6 /* Frameworks */,
				548BBD522FA9720A00334BA6 /* Resources */,
				548BBF372FAA178E00334BA6 /* Embed Foundation Extensions */,
			);
			buildRules = (
			);
			dependencies = (
				548BBF312FAA178E00334BA6 /* PBXTargetDependency */,
			);
			fileSystemSynchronizedGroups = (
				548BBD562FA9720A00334BA6 /* tteona */,
			);
			name = tteona;
			packageProductDependencies = (
				548BBDC12FA97FFD00334BA6 /* FirebaseAuth */,
				548BBDC32FA97FFD00334BA6 /* FirebaseFirestore */,
				548BBE5C2FA9958B00334BA6 /* GoogleSignIn */,
				548BBE5E2FA9958B00334BA6 /* GoogleSignInSwift */,
				548BBEE02FA9B48500334BA6 /* KakaoSDKAuth */,
				548BBEE22FA9B48500334BA6 /* KakaoSDKCommon */,
				548BBEE42FA9B48500334BA6 /* KakaoSDKUser */,
				549C59632FACAB0800074627 /* FirebaseMessaging */,
				549C59672FACB93600074627 /* FirebaseFunctions */,
				54A435812FF7EE94003B0FCA /* GoogleMaps */,
				54B100013000000000000A02 /* RevenueCat */,
			);
			productName = tteona;
			productReference = 548BBD542FA9720A00334BA6 /* tteona.app */;
			productType = "com.apple.product-type.application";
		};
		548BBF1E2FAA178D00334BA6 /* tteona_WidgetExtensionExtension */ = {
			isa = PBXNativeTarget;
			buildConfigurationList = 548BBF332FAA178E00334BA6 /* Build configuration list for PBXNativeTarget "tteona_WidgetExtensionExtension" */;
			buildPhases = (
				548BBF1B2FAA178D00334BA6 /* Sources */,
				548BBF1C2FAA178D00334BA6 /* Frameworks */,
				548BBF1D2FAA178D00334BA6 /* Resources */,
			);
			buildRules = (
			);
			dependencies = (
			);
			fileSystemSynchronizedGroups = (
				548BBF242FAA178D00334BA6 /* tteona_WidgetExtension */,
			);
			name = tteona_WidgetExtensionExtension;
			packageProductDependencies = (
			);
			productName = tteona_WidgetExtensionExtension;
			productReference = 548BBF1F2FAA178D00334BA6 /* tteona_WidgetExtensionExtension.appex */;
			productType = "com.apple.product-type.app-extension";
		};
/* End PBXNativeTarget section */

/* Begin PBXProject section */
		548BBD4C2FA9720A00334BA6 /* Project object */ = {
			isa = PBXProject;
			attributes = {
				BuildIndependentTargetsInParallel = 1;
				LastSwiftUpdateCheck = 2640;
				LastUpgradeCheck = 2640;
				TargetAttributes = {
					548BBD532FA9720A00334BA6 = {
						CreatedOnToolsVersion = 26.4.1;
					};
					548BBF1E2FAA178D00334BA6 = {
						CreatedOnToolsVersion = 26.4.1;
					};
				};
			};
			buildConfigurationList = 548BBD4F2FA9720A00334BA6 /* Build configuration list for PBXProject "tteona" */;
			developmentRegion = en;
			hasScannedForEncodings = 0;
			knownRegions = (
				en,
				Base,
				ko,
				ja,
			);
			mainGroup = 548BBD4B2FA9720900334BA6;
			minimizedProjectReferenceProxies = 1;
			packageReferences = (
				548BBDC02FA97FFD00334BA6 /* XCRemoteSwiftPackageReference "firebase-ios-sdk" */,
				548BBE5B2FA9958B00334BA6 /* XCRemoteSwiftPackageReference "GoogleSignIn-iOS" */,
				548BBEDF2FA9B48500334BA6 /* XCRemoteSwiftPackageReference "kakao-ios-sdk" */,
				54A435802FF7EE94003B0FCA /* XCRemoteSwiftPackageReference "ios-maps-sdk" */,
				54B100013000000000000A01 /* XCRemoteSwiftPackageReference "purchases-ios" */,
			);
			preferredProjectObjectVersion = 77;
			productRefGroup = 548BBD552FA9720A00334BA6 /* Products */;
			projectDirPath = "";
			projectRoot = "";
			targets = (
				548BBD532FA9720A00334BA6 /* tteona */,
				548BBF1E2FAA178D00334BA6 /* tteona_WidgetExtensionExtension */,
			);
		};
/* End PBXProject section */

/* Begin PBXResourcesBuildPhase section */
		548BBD522FA9720A00334BA6 /* Resources */ = {
			isa = PBXResourcesBuildPhase;
			buildActionMask = 2147483647;
			files = (
			);
			runOnlyForDeploymentPostprocessing = 0;
		};
		548BBF1D2FAA178D00334BA6 /* Resources */ = {
			isa = PBXResourcesBuildPhase;
			buildActionMask = 2147483647;
			files = (
			);
			runOnlyForDeploymentPostprocessing = 0;
		};
/* End PBXResourcesBuildPhase section */

/* Begin PBXSourcesBuildPhase section */
		548BBD502FA9720A00334BA6 /* Sources */ = {
			isa = PBXSourcesBuildPhase;
			buildActionMask = 2147483647;
			files = (
			);
			runOnlyForDeploymentPostprocessing = 0;
		};
		548BBF1B2FAA178D00334BA6 /* Sources */ = {
			isa = PBXSourcesBuildPhase;
			buildActionMask = 2147483647;
			files = (
			);
			runOnlyForDeploymentPostprocessing = 0;
		};
/* End PBXSourcesBuildPhase section */

/* Begin PBXTargetDependency section */
		548BBF312FAA178E00334BA6 /* PBXTargetDependency */ = {
			isa = PBXTargetDependency;
			target = 548BBF1E2FAA178D00334BA6 /* tteona_WidgetExtensionExtension */;
			targetProxy = 548BBF302FAA178E00334BA6 /* PBXContainerItemProxy */;
		};
/* End PBXTargetDependency section */

/* Begin XCBuildConfiguration section */
		548BBD5F2FA9720B00334BA6 /* Debug */ = {
			isa = XCBuildConfiguration;
			buildSettings = {
				ALWAYS_SEARCH_USER_PATHS = NO;
				ASSETCATALOG_COMPILER_GENERATE_SWIFT_ASSET_SYMBOL_EXTENSIONS = YES;
				CLANG_ANALYZER_NONNULL = YES;
				CLANG_ANALYZER_NUMBER_OBJECT_CONVERSION = YES_AGGRESSIVE;
				CLANG_CXX_LANGUAGE_STANDARD = "gnu++20";
				CLANG_ENABLE_MODULES = YES;
				CLANG_ENABLE_OBJC_ARC = YES;
				CLANG_ENABLE_OBJC_WEAK = YES;
				CLANG_WARN_BLOCK_CAPTURE_AUTORELEASING = YES;
				CLANG_WARN_BOOL_CONVERSION = YES;
				CLANG_WARN_COMMA = YES;
				CLANG_WARN_CONSTANT_CONVERSION = YES;
				CLANG_WARN_DEPRECATED_OBJC_IMPLEMENTATIONS = YES;
				CLANG_WARN_DIRECT_OBJC_ISA_USAGE = YES_ERROR;
				CLANG_WARN_DOCUMENTATION_COMMENTS = YES;
				CLANG_WARN_EMPTY_BODY = YES;
				CLANG_WARN_ENUM_CONVERSION = YES;
				CLANG_WARN_INFINITE_RECURSION = YES;
				CLANG_WARN_INT_CONVERSION = YES;
				CLANG_WARN_NON_LITERAL_NULL_CONVERSION = YES;
				CLANG_WARN_OBJC_IMPLICIT_RETAIN_SELF = YES;
				CLANG_WARN_OBJC_LITERAL_CONVERSION = YES;
				CLANG_WARN_OBJC_ROOT_CLASS = YES_ERROR;
				CLANG_WARN_QUOTED_INCLUDE_IN_FRAMEWORK_HEADER = YES;
				CLANG_WARN_RANGE_LOOP_ANALYSIS = YES;
				CLANG_WARN_STRICT_PROTOTYPES = YES;
				CLANG_WARN_SUSPICIOUS_MOVE = YES;
				CLANG_WARN_UNGUARDED_AVAILABILITY = YES_AGGRESSIVE;
				CLANG_WARN_UNREACHABLE_CODE = YES;
				CLANG_WARN__DUPLICATE_METHOD_MATCH = YES;
				COPY_PHASE_STRIP = NO;
				DEBUG_INFORMATION_FORMAT = dwarf;
				ENABLE_STRICT_OBJC_MSGSEND = YES;
				ENABLE_TESTABILITY = YES;
				ENABLE_USER_SCRIPT_SANDBOXING = YES;
				GCC_C_LANGUAGE_STANDARD = gnu17;
				GCC_DYNAMIC_NO_PIC = NO;
				GCC_NO_COMMON_BLOCKS = YES;
				GCC_OPTIMIZATION_LEVEL = 0;
				GCC_PREPROCESSOR_DEFINITIONS = (
					"DEBUG=1",
					"$(inherited)",
				);
				GCC_WARN_64_TO_32_BIT_CONVERSION = YES;
				GCC_WARN_ABOUT_RETURN_TYPE = YES_ERROR;
				GCC_WARN_UNDECLARED_SELECTOR = YES;
				GCC_WARN_UNINITIALIZED_AUTOS = YES_AGGRESSIVE;
				GCC_WARN_UNUSED_FUNCTION = YES;
				GCC_WARN_UNUSED_VARIABLE = YES;
				IPHONEOS_DEPLOYMENT_TARGET = 17.0;
				LOCALIZATION_PREFERS_STRING_CATALOGS = YES;
				MTL_ENABLE_DEBUG_INFO = INCLUDE_SOURCE;
				MTL_FAST_MATH = YES;
				ONLY_ACTIVE_ARCH = YES;
				SDKROOT = iphoneos;
				SWIFT_ACTIVE_COMPILATION_CONDITIONS = "DEBUG $(inherited)";
				SWIFT_OPTIMIZATION_LEVEL = "-Onone";
			};
			name = Debug;
		};
		548BBD602FA9720B00334BA6 /* Release */ = {
			isa = XCBuildConfiguration;
			buildSettings = {
				ALWAYS_SEARCH_USER_PATHS = NO;
				ASSETCATALOG_COMPILER_GENERATE_SWIFT_ASSET_SYMBOL_EXTENSIONS = YES;
				CLANG_ANALYZER_NONNULL = YES;
				CLANG_ANALYZER_NUMBER_OBJECT_CONVERSION = YES_AGGRESSIVE;
				CLANG_CXX_LANGUAGE_STANDARD = "gnu++20";
				CLANG_ENABLE_MODULES = YES;
				CLANG_ENABLE_OBJC_ARC = YES;
				CLANG_ENABLE_OBJC_WEAK = YES;
				CLANG_WARN_BLOCK_CAPTURE_AUTORELEASING = YES;
				CLANG_WARN_BOOL_CONVERSION = YES;
				CLANG_WARN_COMMA = YES;
				CLANG_WARN_CONSTANT_CONVERSION = YES;
				CLANG_WARN_DEPRECATED_OBJC_IMPLEMENTATIONS = YES;
				CLANG_WARN_DIRECT_OBJC_ISA_USAGE = YES_ERROR;
				CLANG_WARN_DOCUMENTATION_COMMENTS = YES;
				CLANG_WARN_EMPTY_BODY = YES;
				CLANG_WARN_ENUM_CONVERSION = YES;
				CLANG_WARN_INFINITE_RECURSION = YES;
				CLANG_WARN_INT_CONVERSION = YES;
				CLANG_WARN_NON_LITERAL_NULL_CONVERSION = YES;
				CLANG_WARN_OBJC_IMPLICIT_RETAIN_SELF = YES;
				CLANG_WARN_OBJC_LITERAL_CONVERSION = YES;
				CLANG_WARN_OBJC_ROOT_CLASS = YES_ERROR;
				CLANG_WARN_QUOTED_INCLUDE_IN_FRAMEWORK_HEADER = YES;
				CLANG_WARN_RANGE_LOOP_ANALYSIS = YES;
				CLANG_WARN_STRICT_PROTOTYPES = YES;
				CLANG_WARN_SUSPICIOUS_MOVE = YES;
				CLANG_WARN_UNGUARDED_AVAILABILITY = YES_AGGRESSIVE;
				CLANG_WARN_UNREACHABLE_CODE = YES;
				CLANG_WARN__DUPLICATE_METHOD_MATCH = YES;
				COPY_PHASE_STRIP = NO;
				DEBUG_INFORMATION_FORMAT = "dwarf-with-dsym";
				ENABLE_NS_ASSERTIONS = NO;
				ENABLE_STRICT_OBJC_MSGSEND = YES;
				ENABLE_USER_SCRIPT_SANDBOXING = YES;
				GCC_C_LANGUAGE_STANDARD = gnu17;
				GCC_NO_COMMON_BLOCKS = YES;
				GCC_WARN_64_TO_32_BIT_CONVERSION = YES;
				GCC_WARN_ABOUT_RETURN_TYPE = YES_ERROR;
				GCC_WARN_UNDECLARED_SELECTOR = YES;
				GCC_WARN_UNINITIALIZED_AUTOS = YES_AGGRESSIVE;
				GCC_WARN_UNUSED_FUNCTION = YES;
				GCC_WARN_UNUSED_VARIABLE = YES;
				IPHONEOS_DEPLOYMENT_TARGET = 17.0;
				LOCALIZATION_PREFERS_STRING_CATALOGS = YES;
				MTL_ENABLE_DEBUG_INFO = NO;
				MTL_FAST_MATH = YES;
				SDKROOT = iphoneos;
				SWIFT_COMPILATION_MODE = wholemodule;
				VALIDATE_PRODUCT = YES;
			};
			name = Release;
		};
		548BBD622FA9720B00334BA6 /* Debug */ = {
			isa = XCBuildConfiguration;
			buildSettings = {
				ASSETCATALOG_COMPILER_APPICON_NAME = AppIcon;
				ASSETCATALOG_COMPILER_GLOBAL_ACCENT_COLOR_NAME = AccentColor;
				CODE_SIGN_ENTITLEMENTS = tteona/tteona.entitlements;
				CODE_SIGN_STYLE = Automatic;
				CURRENT_PROJECT_VERSION = 21;
				DEVELOPMENT_TEAM = M576JMA5A7;
				ENABLE_PREVIEWS = YES;
				INFOPLIST_FILE = tteona/Info.plist;
				LD_RUNPATH_SEARCH_PATHS = (
					"$(inherited)",
					"@executable_path/Frameworks",
				);
				MARKETING_VERSION = 1.3;
				PRODUCT_BUNDLE_IDENTIFIER = com.seoktaedev.tteona;
				PRODUCT_NAME = "$(TARGET_NAME)";
				STRING_CATALOG_GENERATE_SYMBOLS = YES;
				SWIFT_APPROACHABLE_CONCURRENCY = YES;
				SWIFT_DEFAULT_ACTOR_ISOLATION = MainActor;
				SWIFT_EMIT_LOC_STRINGS = YES;
				SWIFT_UPCOMING_FEATURE_MEMBER_IMPORT_VISIBILITY = YES;
				SWIFT_VERSION = 5.0;
				TARGETED_DEVICE_FAMILY = 1;
			};
			name = Debug;
		};
		548BBD632FA9720B00334BA6 /* Release */ = {
			isa = XCBuildConfiguration;
			buildSettings = {
				ASSETCATALOG_COMPILER_APPICON_NAME = AppIcon;
				ASSETCATALOG_COMPILER_GLOBAL_ACCENT_COLOR_NAME = AccentColor;
				CODE_SIGN_ENTITLEMENTS = tteona/tteona.entitlements;
				CODE_SIGN_STYLE = Automatic;
				CURRENT_PROJECT_VERSION = 21;
				DEVELOPMENT_TEAM = M576JMA5A7;
				ENABLE_PREVIEWS = YES;
				INFOPLIST_FILE = tteona/Info.plist;
				LD_RUNPATH_SEARCH_PATHS = (
					"$(inherited)",
					"@executable_path/Frameworks",
				);
				MARKETING_VERSION = 1.3;
				PRODUCT_BUNDLE_IDENTIFIER = com.seoktaedev.tteona;
				PRODUCT_NAME = "$(TARGET_NAME)";
				STRING_CATALOG_GENERATE_SYMBOLS = YES;
				SWIFT_APPROACHABLE_CONCURRENCY = YES;
				SWIFT_DEFAULT_ACTOR_ISOLATION = MainActor;
				SWIFT_EMIT_LOC_STRINGS = YES;
				SWIFT_UPCOMING_FEATURE_MEMBER_IMPORT_VISIBILITY = YES;
				SWIFT_VERSION = 5.0;
				TARGETED_DEVICE_FAMILY = 1;
			};
			name = Release;
		};
		548BBF342FAA178E00334BA6 /* Debug */ = {
			isa = XCBuildConfiguration;
			buildSettings = {
				ASSETCATALOG_COMPILER_GLOBAL_ACCENT_COLOR_NAME = AccentColor;
				ASSETCATALOG_COMPILER_WIDGET_BACKGROUND_COLOR_NAME = WidgetBackground;
				CODE_SIGN_STYLE = Automatic;
				CURRENT_PROJECT_VERSION = 21;
				DEVELOPMENT_TEAM = M576JMA5A7;
				GENERATE_INFOPLIST_FILE = YES;
				INFOPLIST_FILE = tteona_WidgetExtension/Info.plist;
				INFOPLIST_KEY_CFBundleDisplayName = "떠나";
				INFOPLIST_KEY_NSHumanReadableCopyright = "";
				LD_RUNPATH_SEARCH_PATHS = (
					"$(inherited)",
					"@executable_path/Frameworks",
					"@executable_path/../../Frameworks",
				);
				MARKETING_VERSION = 1.3;
				PRODUCT_BUNDLE_IDENTIFIER = com.seoktaedev.tteona.widget;
				PRODUCT_NAME = "$(TARGET_NAME)";
				SKIP_INSTALL = YES;
				STRING_CATALOG_GENERATE_SYMBOLS = YES;
				SWIFT_APPROACHABLE_CONCURRENCY = YES;
				SWIFT_EMIT_LOC_STRINGS = YES;
				SWIFT_UPCOMING_FEATURE_MEMBER_IMPORT_VISIBILITY = YES;
				SWIFT_VERSION = 5.0;
				TARGETED_DEVICE_FAMILY = "1,2";
			};
			name = Debug;
		};
		548BBF352FAA178E00334BA6 /* Release */ = {
			isa = XCBuildConfiguration;
			buildSettings = {
				ASSETCATALOG_COMPILER_GLOBAL_ACCENT_COLOR_NAME = AccentColor;
				ASSETCATALOG_COMPILER_WIDGET_BACKGROUND_COLOR_NAME = WidgetBackground;
				CODE_SIGN_STYLE = Automatic;
				CURRENT_PROJECT_VERSION = 21;
				DEVELOPMENT_TEAM = M576JMA5A7;
				GENERATE_INFOPLIST_FILE = YES;
				INFOPLIST_FILE = tteona_WidgetExtension/Info.plist;
				INFOPLIST_KEY_CFBundleDisplayName = "떠나";
				INFOPLIST_KEY_NSHumanReadableCopyright = "";
				LD_RUNPATH_SEARCH_PATHS = (
					"$(inherited)",
					"@executable_path/Frameworks",
					"@executable_path/../../Frameworks",
				);
				MARKETING_VERSION = 1.3;
				PRODUCT_BUNDLE_IDENTIFIER = com.seoktaedev.tteona.widget;
				PRODUCT_NAME = "$(TARGET_NAME)";
				SKIP_INSTALL = YES;
				STRING_CATALOG_GENERATE_SYMBOLS = YES;
				SWIFT_APPROACHABLE_CONCURRENCY = YES;
				SWIFT_EMIT_LOC_STRINGS = YES;
				SWIFT_UPCOMING_FEATURE_MEMBER_IMPORT_VISIBILITY = YES;
				SWIFT_VERSION = 5.0;
				TARGETED_DEVICE_FAMILY = "1,2";
			};
			name = Release;
		};
/* End XCBuildConfiguration section */

/* Begin XCConfigurationList section */
		548BBD4F2FA9720A00334BA6 /* Build configuration list for PBXProject "tteona" */ = {
			isa = XCConfigurationList;
			buildConfigurations = (
				548BBD5F2FA9720B00334BA6 /* Debug */,
				548BBD602FA9720B00334BA6 /* Release */,
			);
			defaultConfigurationIsVisible = 0;
			defaultConfigurationName = Release;
		};
		548BBD612FA9720B00334BA6 /* Build configuration list for PBXNativeTarget "tteona" */ = {
			isa = XCConfigurationList;
			buildConfigurations = (
				548BBD622FA9720B00334BA6 /* Debug */,
				548BBD632FA9720B00334BA6 /* Release */,
			);
			defaultConfigurationIsVisible = 0;
			defaultConfigurationName = Release;
		};
		548BBF332FAA178E00334BA6 /* Build configuration list for PBXNativeTarget "tteona_WidgetExtensionExtension" */ = {
			isa = XCConfigurationList;
			buildConfigurations = (
				548BBF342FAA178E00334BA6 /* Debug */,
				548BBF352FAA178E00334BA6 /* Release */,
			);
			defaultConfigurationIsVisible = 0;
			defaultConfigurationName = Release;
		};
/* End XCConfigurationList section */

/* Begin XCRemoteSwiftPackageReference section */
		548BBDC02FA97FFD00334BA6 /* XCRemoteSwiftPackageReference "firebase-ios-sdk" */ = {
			isa = XCRemoteSwiftPackageReference;
			repositoryURL = "https://github.com/firebase/firebase-ios-sdk";
			requirement = {
				kind = upToNextMajorVersion;
				minimumVersion = 12.12.1;
			};
		};
		548BBE5B2FA9958B00334BA6 /* XCRemoteSwiftPackageReference "GoogleSignIn-iOS" */ = {
			isa = XCRemoteSwiftPackageReference;
			repositoryURL = "https://github.com/google/GoogleSignIn-iOS";
			requirement = {
				kind = upToNextMajorVersion;
				minimumVersion = 9.1.0;
			};
		};
		548BBEDF2FA9B48500334BA6 /* XCRemoteSwiftPackageReference "kakao-ios-sdk" */ = {
			isa = XCRemoteSwiftPackageReference;
			repositoryURL = "https://github.com/kakao/kakao-ios-sdk";
			requirement = {
				kind = upToNextMajorVersion;
				minimumVersion = 2.27.3;
			};
		};
		54A435802FF7EE94003B0FCA /* XCRemoteSwiftPackageReference "ios-maps-sdk" */ = {
			isa = XCRemoteSwiftPackageReference;
			repositoryURL = "https://github.com/googlemaps/ios-maps-sdk";
			requirement = {
				kind = upToNextMajorVersion;
				minimumVersion = 10.15.0;
			};
		};
		54B100013000000000000A01 /* XCRemoteSwiftPackageReference "purchases-ios" */ = {
			isa = XCRemoteSwiftPackageReference;
			repositoryURL = "https://github.com/RevenueCat/purchases-ios";
			requirement = {
				kind = upToNextMajorVersion;
				minimumVersion = 5.0.0;
			};
		};
/* End XCRemoteSwiftPackageReference section */

/* Begin XCSwiftPackageProductDependency section */
		548BBDC12FA97FFD00334BA6 /* FirebaseAuth */ = {
			isa = XCSwiftPackageProductDependency;
			package = 548BBDC02FA97FFD00334BA6 /* XCRemoteSwiftPackageReference "firebase-ios-sdk" */;
			productName = FirebaseAuth;
		};
		548BBDC32FA97FFD00334BA6 /* FirebaseFirestore */ = {
			isa = XCSwiftPackageProductDependency;
			package = 548BBDC02FA97FFD00334BA6 /* XCRemoteSwiftPackageReference "firebase-ios-sdk" */;
			productName = FirebaseFirestore;
		};
		548BBE5C2FA9958B00334BA6 /* GoogleSignIn */ = {
			isa = XCSwiftPackageProductDependency;
			package = 548BBE5B2FA9958B00334BA6 /* XCRemoteSwiftPackageReference "GoogleSignIn-iOS" */;
			productName = GoogleSignIn;
		};
		548BBE5E2FA9958B00334BA6 /* GoogleSignInSwift */ = {
			isa = XCSwiftPackageProductDependency;
			package = 548BBE5B2FA9958B00334BA6 /* XCRemoteSwiftPackageReference "GoogleSignIn-iOS" */;
			productName = GoogleSignInSwift;
		};
		548BBEE02FA9B48500334BA6 /* KakaoSDKAuth */ = {
			isa = XCSwiftPackageProductDependency;
			package = 548BBEDF2FA9B48500334BA6 /* XCRemoteSwiftPackageReference "kakao-ios-sdk" */;
			productName = KakaoSDKAuth;
		};
		548BBEE22FA9B48500334BA6 /* KakaoSDKCommon */ = {
			isa = XCSwiftPackageProductDependency;
			package = 548BBEDF2FA9B48500334BA6 /* XCRemoteSwiftPackageReference "kakao-ios-sdk" */;
			productName = KakaoSDKCommon;
		};
		548BBEE42FA9B48500334BA6 /* KakaoSDKUser */ = {
			isa = XCSwiftPackageProductDependency;
			package = 548BBEDF2FA9B48500334BA6 /* XCRemoteSwiftPackageReference "kakao-ios-sdk" */;
			productName = KakaoSDKUser;
		};
		549C59632FACAB0800074627 /* FirebaseMessaging */ = {
			isa = XCSwiftPackageProductDependency;
			package = 548BBDC02FA97FFD00334BA6 /* XCRemoteSwiftPackageReference "firebase-ios-sdk" */;
			productName = FirebaseMessaging;
		};
		549C59672FACB93600074627 /* FirebaseFunctions */ = {
			isa = XCSwiftPackageProductDependency;
			package = 548BBDC02FA97FFD00334BA6 /* XCRemoteSwiftPackageReference "firebase-ios-sdk" */;
			productName = FirebaseFunctions;
		};
		54A435812FF7EE94003B0FCA /* GoogleMaps */ = {
			isa = XCSwiftPackageProductDependency;
			package = 54A435802FF7EE94003B0FCA /* XCRemoteSwiftPackageReference "ios-maps-sdk" */;
			productName = GoogleMaps;
		};
		54B100013000000000000A02 /* RevenueCat */ = {
			isa = XCSwiftPackageProductDependency;
			package = 54B100013000000000000A01 /* XCRemoteSwiftPackageReference "purchases-ios" */;
			productName = RevenueCat;
		};
/* End XCSwiftPackageProductDependency section */
	};
	rootObject = 548BBD4C2FA9720A00334BA6 /* Project object */;
}
